
Microsoft Visual Studio Solution File, Format Version 12.00
# Visual Studio 15
VisualStudioVersion = 15.0.28010.2036
MinimumVisualStudioVersion = 10.0.40219.1
Project("{FAE04EC0-301F-11D3-BF4B-00C04F79EFBC}") = "Arrays_and_Lists_Exercise", "Arrays_and_Lists_Exercise\Arrays_and_Lists_Exercise.csproj", "{DCC184A1-D201-4035-A16D-21EDFBFCEE8D}"
EndProject
Global
	GlobalSection(SolutionConfigurationPlatforms) = preSolution
		Debug|Any CPU = Debug|Any CPU
		Release|Any CPU = Release|Any CPU
	EndGlobalSection
	GlobalSection(ProjectConfigurationPlatforms) = postSolution
		{DCC184A1-D201-4035-A16D-21EDFBFCEE8D}.Debug|Any CPU.ActiveCfg = Debug|Any CPU
		{DCC184A1-D201-4035-A16D-21EDFBFCEE8D}.Debug|Any CPU.Build.0 = Debug|Any CPU
		{DCC184A1-D201-4035-A16D-21EDFBFCEE8D}.Release|Any CPU.ActiveCfg = Release|Any CPU
		{DCC184A1-D201-4035-A16D-21EDFBFCEE8D}.Release|Any CPU.Build.0 = Release|Any CPU
	EndGlobalSection
	GlobalSection(SolutionProperties) = preSolution
		HideSolutionNode = FALSE
	EndGlobalSection
	GlobalSection(ExtensibilityGlobals) = postSolution
		SolutionGuid = {364023AD-9F8C-43DA-8261-E65E02B35B8E}
	EndGlobalSection
EndGlobal
