
Microsoft Visual Studio Solution File, Format Version 12.00
# Visual Studio 15
VisualStudioVersion = 15.0.28010.2036
MinimumVisualStudioVersion = 10.0.40219.1
Project("{FAE04EC0-301F-11D3-BF4B-00C04F79EFBC}") = "Void_Method_Drill", "Void_Method_Drill\Void_Method_Drill.csproj", "{4E910C3E-D495-48DF-91CC-C41C9FCDEF5B}"
EndProject
Global
	GlobalSection(SolutionConfigurationPlatforms) = preSolution
		Debug|Any CPU = Debug|Any CPU
		Release|Any CPU = Release|Any CPU
	EndGlobalSection
	GlobalSection(ProjectConfigurationPlatforms) = postSolution
		{4E910C3E-D495-48DF-91CC-C41C9FCDEF5B}.Debug|Any CPU.ActiveCfg = Debug|Any CPU
		{4E910C3E-D495-48DF-91CC-C41C9FCDEF5B}.Debug|Any CPU.Build.0 = Debug|Any CPU
		{4E910C3E-D495-48DF-91CC-C41C9FCDEF5B}.Release|Any CPU.ActiveCfg = Release|Any CPU
		{4E910C3E-D495-48DF-91CC-C41C9FCDEF5B}.Release|Any CPU.Build.0 = Release|Any CPU
	EndGlobalSection
	GlobalSection(SolutionProperties) = preSolution
		HideSolutionNode = FALSE
	EndGlobalSection
	GlobalSection(ExtensibilityGlobals) = postSolution
		SolutionGuid = {45484662-8C73-44E0-9BF9-42756D23DC4A}
	EndGlobalSection
EndGlobal
