
Microsoft Visual Studio Solution File, Format Version 12.00
# Visual Studio 15
VisualStudioVersion = 15.0.28010.2036
MinimumVisualStudioVersion = 10.0.40219.1
Project("{FAE04EC0-301F-11D3-BF4B-00C04F79EFBC}") = "Iteration_Exercise", "Iteration_Exercise\Iteration_Exercise.csproj", "{4A0823AE-1BEE-4079-8ABA-87E380D199EC}"
EndProject
Global
	GlobalSection(SolutionConfigurationPlatforms) = preSolution
		Debug|Any CPU = Debug|Any CPU
		Release|Any CPU = Release|Any CPU
	EndGlobalSection
	GlobalSection(ProjectConfigurationPlatforms) = postSolution
		{4A0823AE-1BEE-4079-8ABA-87E380D199EC}.Debug|Any CPU.ActiveCfg = Debug|Any CPU
		{4A0823AE-1BEE-4079-8ABA-87E380D199EC}.Debug|Any CPU.Build.0 = Debug|Any CPU
		{4A0823AE-1BEE-4079-8ABA-87E380D199EC}.Release|Any CPU.ActiveCfg = Release|Any CPU
		{4A0823AE-1BEE-4079-8ABA-87E380D199EC}.Release|Any CPU.Build.0 = Release|Any CPU
	EndGlobalSection
	GlobalSection(SolutionProperties) = preSolution
		HideSolutionNode = FALSE
	EndGlobalSection
	GlobalSection(ExtensibilityGlobals) = postSolution
		SolutionGuid = {CF8E55CC-8DBA-488F-ABFD-0F07B16F4287}
	EndGlobalSection
EndGlobal
