
Microsoft Visual Studio Solution File, Format Version 12.00
# Visual Studio 15
VisualStudioVersion = 15.0.28010.2036
MinimumVisualStudioVersion = 10.0.40219.1
Project("{FAE04EC0-301F-11D3-BF4B-00C04F79EFBC}") = "Loops", "Loops\Loops.csproj", "{AABEBCF5-BBEB-4C93-B0ED-3B343EC7BF49}"
EndProject
Global
	GlobalSection(SolutionConfigurationPlatforms) = preSolution
		Debug|Any CPU = Debug|Any CPU
		Release|Any CPU = Release|Any CPU
	EndGlobalSection
	GlobalSection(ProjectConfigurationPlatforms) = postSolution
		{AABEBCF5-BBEB-4C93-B0ED-3B343EC7BF49}.Debug|Any CPU.ActiveCfg = Debug|Any CPU
		{AABEBCF5-BBEB-4C93-B0ED-3B343EC7BF49}.Debug|Any CPU.Build.0 = Debug|Any CPU
		{AABEBCF5-BBEB-4C93-B0ED-3B343EC7BF49}.Release|Any CPU.ActiveCfg = Release|Any CPU
		{AABEBCF5-BBEB-4C93-B0ED-3B343EC7BF49}.Release|Any CPU.Build.0 = Release|Any CPU
	EndGlobalSection
	GlobalSection(SolutionProperties) = preSolution
		HideSolutionNode = FALSE
	EndGlobalSection
	GlobalSection(ExtensibilityGlobals) = postSolution
		SolutionGuid = {C54F4C35-7F96-488C-8ADA-E28D97AE7EE4}
	EndGlobalSection
EndGlobal
