
Microsoft Visual Studio Solution File, Format Version 12.00
# Visual Studio 15
VisualStudioVersion = 15.0.28010.2036
MinimumVisualStudioVersion = 10.0.40219.1
Project("{FAE04EC0-301F-11D3-BF4B-00C04F79EFBC}") = "Insurance Quote", "Insurance Quote\Insurance Quote.csproj", "{CA2D933C-71F0-40F3-93ED-3F5C613AFD25}"
EndProject
Global
	GlobalSection(SolutionConfigurationPlatforms) = preSolution
		Debug|Any CPU = Debug|Any CPU
		Release|Any CPU = Release|Any CPU
	EndGlobalSection
	GlobalSection(ProjectConfigurationPlatforms) = postSolution
		{CA2D933C-71F0-40F3-93ED-3F5C613AFD25}.Debug|Any CPU.ActiveCfg = Debug|Any CPU
		{CA2D933C-71F0-40F3-93ED-3F5C613AFD25}.Debug|Any CPU.Build.0 = Debug|Any CPU
		{CA2D933C-71F0-40F3-93ED-3F5C613AFD25}.Release|Any CPU.ActiveCfg = Release|Any CPU
		{CA2D933C-71F0-40F3-93ED-3F5C613AFD25}.Release|Any CPU.Build.0 = Release|Any CPU
	EndGlobalSection
	GlobalSection(SolutionProperties) = preSolution
		HideSolutionNode = FALSE
	EndGlobalSection
	GlobalSection(ExtensibilityGlobals) = postSolution
		SolutionGuid = {03D34A1B-5F69-4D61-ACF0-A474C0F2AC75}
	EndGlobalSection
EndGlobal
