
Microsoft Visual Studio Solution File, Format Version 12.00
# Visual Studio 15
VisualStudioVersion = 15.0.28010.2036
MinimumVisualStudioVersion = 10.0.40219.1
Project("{FAE04EC0-301F-11D3-BF4B-00C04F79EFBC}") = "Exception_Handling_Exercise", "Exception_Handling_Exercise\Exception_Handling_Exercise.csproj", "{291A2175-C933-40AC-8CD2-4E0749518CFA}"
EndProject
Global
	GlobalSection(SolutionConfigurationPlatforms) = preSolution
		Debug|Any CPU = Debug|Any CPU
		Release|Any CPU = Release|Any CPU
	EndGlobalSection
	GlobalSection(ProjectConfigurationPlatforms) = postSolution
		{291A2175-C933-40AC-8CD2-4E0749518CFA}.Debug|Any CPU.ActiveCfg = Debug|Any CPU
		{291A2175-C933-40AC-8CD2-4E0749518CFA}.Debug|Any CPU.Build.0 = Debug|Any CPU
		{291A2175-C933-40AC-8CD2-4E0749518CFA}.Release|Any CPU.ActiveCfg = Release|Any CPU
		{291A2175-C933-40AC-8CD2-4E0749518CFA}.Release|Any CPU.Build.0 = Release|Any CPU
	EndGlobalSection
	GlobalSection(SolutionProperties) = preSolution
		HideSolutionNode = FALSE
	EndGlobalSection
	GlobalSection(ExtensibilityGlobals) = postSolution
		SolutionGuid = {AD06546F-0842-47FD-B580-961C533207FD}
	EndGlobalSection
EndGlobal
