
Microsoft Visual Studio Solution File, Format Version 12.00
# Visual Studio 15
VisualStudioVersion = 15.0.28010.2036
MinimumVisualStudioVersion = 10.0.40219.1
Project("{FAE04EC0-301F-11D3-BF4B-00C04F79EFBC}") = "Arrays_and_Lists_practice", "Arrays_and_Lists_practice\Arrays_and_Lists_practice.csproj", "{5E60283E-6799-4092-8D95-0442DB72A359}"
EndProject
Global
	GlobalSection(SolutionConfigurationPlatforms) = preSolution
		Debug|Any CPU = Debug|Any CPU
		Release|Any CPU = Release|Any CPU
	EndGlobalSection
	GlobalSection(ProjectConfigurationPlatforms) = postSolution
		{5E60283E-6799-4092-8D95-0442DB72A359}.Debug|Any CPU.ActiveCfg = Debug|Any CPU
		{5E60283E-6799-4092-8D95-0442DB72A359}.Debug|Any CPU.Build.0 = Debug|Any CPU
		{5E60283E-6799-4092-8D95-0442DB72A359}.Release|Any CPU.ActiveCfg = Release|Any CPU
		{5E60283E-6799-4092-8D95-0442DB72A359}.Release|Any CPU.Build.0 = Release|Any CPU
	EndGlobalSection
	GlobalSection(SolutionProperties) = preSolution
		HideSolutionNode = FALSE
	EndGlobalSection
	GlobalSection(ExtensibilityGlobals) = postSolution
		SolutionGuid = {2CF4BACC-C2FE-4BFA-BA58-3EB54EC97209}
	EndGlobalSection
EndGlobal
