
Microsoft Visual Studio Solution File, Format Version 12.00
# Visual Studio 15
VisualStudioVersion = 15.0.28010.2036
MinimumVisualStudioVersion = 10.0.40219.1
Project("{FAE04EC0-301F-11D3-BF4B-00C04F79EFBC}") = "Comparison_Operators_Drill", "Comparison_Operators_Drill\Comparison_Operators_Drill.csproj", "{498BAC2E-7896-48E1-8B1E-F40AAF9F8125}"
EndProject
Global
	GlobalSection(SolutionConfigurationPlatforms) = preSolution
		Debug|Any CPU = Debug|Any CPU
		Release|Any CPU = Release|Any CPU
	EndGlobalSection
	GlobalSection(ProjectConfigurationPlatforms) = postSolution
		{498BAC2E-7896-48E1-8B1E-F40AAF9F8125}.Debug|Any CPU.ActiveCfg = Debug|Any CPU
		{498BAC2E-7896-48E1-8B1E-F40AAF9F8125}.Debug|Any CPU.Build.0 = Debug|Any CPU
		{498BAC2E-7896-48E1-8B1E-F40AAF9F8125}.Release|Any CPU.ActiveCfg = Release|Any CPU
		{498BAC2E-7896-48E1-8B1E-F40AAF9F8125}.Release|Any CPU.Build.0 = Release|Any CPU
	EndGlobalSection
	GlobalSection(SolutionProperties) = preSolution
		HideSolutionNode = FALSE
	EndGlobalSection
	GlobalSection(ExtensibilityGlobals) = postSolution
		SolutionGuid = {E2DD5002-9B32-4710-AE59-C955A7B0958F}
	EndGlobalSection
EndGlobal
