
Microsoft Visual Studio Solution File, Format Version 12.00
# Visual Studio 15
VisualStudioVersion = 15.0.28010.2036
MinimumVisualStudioVersion = 10.0.40219.1
Project("{FAE04EC0-301F-11D3-BF4B-00C04F79EFBC}") = "Employee_Methods_Drill", "Employee_Methods_Drill\Employee_Methods_Drill.csproj", "{78C2C621-11A1-4C6C-B557-F853676B489C}"
EndProject
Global
	GlobalSection(SolutionConfigurationPlatforms) = preSolution
		Debug|Any CPU = Debug|Any CPU
		Release|Any CPU = Release|Any CPU
	EndGlobalSection
	GlobalSection(ProjectConfigurationPlatforms) = postSolution
		{78C2C621-11A1-4C6C-B557-F853676B489C}.Debug|Any CPU.ActiveCfg = Debug|Any CPU
		{78C2C621-11A1-4C6C-B557-F853676B489C}.Debug|Any CPU.Build.0 = Debug|Any CPU
		{78C2C621-11A1-4C6C-B557-F853676B489C}.Release|Any CPU.ActiveCfg = Release|Any CPU
		{78C2C621-11A1-4C6C-B557-F853676B489C}.Release|Any CPU.Build.0 = Release|Any CPU
	EndGlobalSection
	GlobalSection(SolutionProperties) = preSolution
		HideSolutionNode = FALSE
	EndGlobalSection
	GlobalSection(ExtensibilityGlobals) = postSolution
		SolutionGuid = {15BA2FB6-ECCE-4351-AC1D-793E7EABDD25}
	EndGlobalSection
EndGlobal
